github.com/robfig/cron/v3 v3.0.1 h1:WdRxkvbJztn8LMz/QEvLN5sBU+xKpSqwwUO1Pjr4qDs=
github.com/robfig/cron/v3 v3.0.1/go.mod h1:eQICP3HwyT7UooqI/z+Ov+PtYAWygg1TEWWzGIFLtro=
github.com/srlemon/gen-id v1.0.1 h1:HJsqMzbHyeJ8pAUTPNR3oxAqmkOFpoGakqHrzr/xUCI=
github.com/srlemon/gen-id v1.0.1/go.mod h1:/9rLxNO7sAF+3jWV90rlYoJsQBbkSQxMsxSjX4MH0J4=
